
Microsoft Visual Studio Solution File, Format Version 12.00
# Visual Studio Version 16
VisualStudioVersion = 16.0.30309.148
MinimumVisualStudioVersion = 10.0.40219.1
Project("{FAE04EC0-301F-11D3-BF4B-00C04F79EFBC}") = "My_WS_WCF", "My_WS_WCF\My_WS_WCF.csproj", "{3BEAD155-F0E0-433E-9032-7364FBEDC4F2}"
EndProject
Project("{FAE04EC0-301F-11D3-BF4B-00C04F79EFBC}") = "ClienteWS", "ClienteWS\ClienteWS.csproj", "{DDB11841-11F7-43DE-B538-5FE3844232C3}"
	ProjectSection(ProjectDependencies) = postProject
		{3BEAD155-F0E0-433E-9032-7364FBEDC4F2} = {3BEAD155-F0E0-433E-9032-7364FBEDC4F2}
	EndProjectSection
EndProject
Global
	GlobalSection(SolutionConfigurationPlatforms) = preSolution
		Debug|Any CPU = Debug|Any CPU
		Release|Any CPU = Release|Any CPU
	EndGlobalSection
	GlobalSection(ProjectConfigurationPlatforms) = postSolution
		{3BEAD155-F0E0-433E-9032-7364FBEDC4F2}.Debug|Any CPU.ActiveCfg = Debug|Any CPU
		{3BEAD155-F0E0-433E-9032-7364FBEDC4F2}.Debug|Any CPU.Build.0 = Debug|Any CPU
		{3BEAD155-F0E0-433E-9032-7364FBEDC4F2}.Release|Any CPU.ActiveCfg = Release|Any CPU
		{3BEAD155-F0E0-433E-9032-7364FBEDC4F2}.Release|Any CPU.Build.0 = Release|Any CPU
		{DDB11841-11F7-43DE-B538-5FE3844232C3}.Debug|Any CPU.ActiveCfg = Debug|Any CPU
		{DDB11841-11F7-43DE-B538-5FE3844232C3}.Debug|Any CPU.Build.0 = Debug|Any CPU
		{DDB11841-11F7-43DE-B538-5FE3844232C3}.Release|Any CPU.ActiveCfg = Release|Any CPU
		{DDB11841-11F7-43DE-B538-5FE3844232C3}.Release|Any CPU.Build.0 = Release|Any CPU
	EndGlobalSection
	GlobalSection(SolutionProperties) = preSolution
		HideSolutionNode = FALSE
	EndGlobalSection
	GlobalSection(ExtensibilityGlobals) = postSolution
		SolutionGuid = {A5CEB0B9-2348-4169-A28B-5E4F77228850}
	EndGlobalSection
EndGlobal
