
Microsoft Visual Studio Solution File, Format Version 12.00
# Visual Studio Version 16
VisualStudioVersion = 16.0.30309.148
MinimumVisualStudioVersion = 10.0.40219.1
Project("{FAE04EC0-301F-11D3-BF4B-00C04F79EFBC}") = "AppPortable.Android", "AppPortable\AppPortable.Android\AppPortable.Android.csproj", "{3DF76260-81F7-4878-A2D7-43971D50C6A7}"
EndProject
Project("{FAE04EC0-301F-11D3-BF4B-00C04F79EFBC}") = "AppPortable.iOS", "AppPortable\AppPortable.iOS\AppPortable.iOS.csproj", "{15EBC7D1-C85E-4DC2-BEB2-DE8C308B6B7E}"
EndProject
Project("{FAE04EC0-301F-11D3-BF4B-00C04F79EFBC}") = "AppPortable", "AppPortable\AppPortable\AppPortable.csproj", "{B4A4B249-C444-4C8B-87A0-569E5C62CD8B}"
EndProject
Global
	GlobalSection(SolutionConfigurationPlatforms) = preSolution
		Debug|Any CPU = Debug|Any CPU
		Debug|iPhone = Debug|iPhone
		Debug|iPhoneSimulator = Debug|iPhoneSimulator
		Release|Any CPU = Release|Any CPU
		Release|iPhone = Release|iPhone
		Release|iPhoneSimulator = Release|iPhoneSimulator
	EndGlobalSection
	GlobalSection(ProjectConfigurationPlatforms) = postSolution
		{3DF76260-81F7-4878-A2D7-43971D50C6A7}.Debug|Any CPU.ActiveCfg = Debug|Any CPU
		{3DF76260-81F7-4878-A2D7-43971D50C6A7}.Debug|Any CPU.Build.0 = Debug|Any CPU
		{3DF76260-81F7-4878-A2D7-43971D50C6A7}.Debug|Any CPU.Deploy.0 = Debug|Any CPU
		{3DF76260-81F7-4878-A2D7-43971D50C6A7}.Debug|iPhone.ActiveCfg = Debug|Any CPU
		{3DF76260-81F7-4878-A2D7-43971D50C6A7}.Debug|iPhone.Build.0 = Debug|Any CPU
		{3DF76260-81F7-4878-A2D7-43971D50C6A7}.Debug|iPhone.Deploy.0 = Debug|Any CPU
		{3DF76260-81F7-4878-A2D7-43971D50C6A7}.Debug|iPhoneSimulator.ActiveCfg = Debug|Any CPU
		{3DF76260-81F7-4878-A2D7-43971D50C6A7}.Debug|iPhoneSimulator.Build.0 = Debug|Any CPU
		{3DF76260-81F7-4878-A2D7-43971D50C6A7}.Debug|iPhoneSimulator.Deploy.0 = Debug|Any CPU
		{3DF76260-81F7-4878-A2D7-43971D50C6A7}.Release|Any CPU.ActiveCfg = Release|Any CPU
		{3DF76260-81F7-4878-A2D7-43971D50C6A7}.Release|Any CPU.Build.0 = Release|Any CPU
		{3DF76260-81F7-4878-A2D7-43971D50C6A7}.Release|Any CPU.Deploy.0 = Release|Any CPU
		{3DF76260-81F7-4878-A2D7-43971D50C6A7}.Release|iPhone.ActiveCfg = Release|Any CPU
		{3DF76260-81F7-4878-A2D7-43971D50C6A7}.Release|iPhone.Build.0 = Release|Any CPU
		{3DF76260-81F7-4878-A2D7-43971D50C6A7}.Release|iPhone.Deploy.0 = Release|Any CPU
		{3DF76260-81F7-4878-A2D7-43971D50C6A7}.Release|iPhoneSimulator.ActiveCfg = Release|Any CPU
		{3DF76260-81F7-4878-A2D7-43971D50C6A7}.Release|iPhoneSimulator.Build.0 = Release|Any CPU
		{3DF76260-81F7-4878-A2D7-43971D50C6A7}.Release|iPhoneSimulator.Deploy.0 = Release|Any CPU
		{15EBC7D1-C85E-4DC2-BEB2-DE8C308B6B7E}.Debug|Any CPU.ActiveCfg = Debug|iPhone
		{15EBC7D1-C85E-4DC2-BEB2-DE8C308B6B7E}.Debug|Any CPU.Build.0 = Debug|iPhone
		{15EBC7D1-C85E-4DC2-BEB2-DE8C308B6B7E}.Debug|Any CPU.Deploy.0 = Debug|iPhone
		{15EBC7D1-C85E-4DC2-BEB2-DE8C308B6B7E}.Debug|iPhone.ActiveCfg = Debug|iPhone
		{15EBC7D1-C85E-4DC2-BEB2-DE8C308B6B7E}.Debug|iPhone.Build.0 = Debug|iPhone
		{15EBC7D1-C85E-4DC2-BEB2-DE8C308B6B7E}.Debug|iPhone.Deploy.0 = Debug|iPhone
		{15EBC7D1-C85E-4DC2-BEB2-DE8C308B6B7E}.Debug|iPhoneSimulator.ActiveCfg = Debug|iPhoneSimulator
		{15EBC7D1-C85E-4DC2-BEB2-DE8C308B6B7E}.Debug|iPhoneSimulator.Build.0 = Debug|iPhoneSimulator
		{15EBC7D1-C85E-4DC2-BEB2-DE8C308B6B7E}.Debug|iPhoneSimulator.Deploy.0 = Debug|iPhoneSimulator
		{15EBC7D1-C85E-4DC2-BEB2-DE8C308B6B7E}.Release|Any CPU.ActiveCfg = Release|iPhone
		{15EBC7D1-C85E-4DC2-BEB2-DE8C308B6B7E}.Release|Any CPU.Build.0 = Release|iPhone
		{15EBC7D1-C85E-4DC2-BEB2-DE8C308B6B7E}.Release|Any CPU.Deploy.0 = Release|iPhone
		{15EBC7D1-C85E-4DC2-BEB2-DE8C308B6B7E}.Release|iPhone.ActiveCfg = Release|iPhone
		{15EBC7D1-C85E-4DC2-BEB2-DE8C308B6B7E}.Release|iPhone.Build.0 = Release|iPhone
		{15EBC7D1-C85E-4DC2-BEB2-DE8C308B6B7E}.Release|iPhone.Deploy.0 = Release|iPhone
		{15EBC7D1-C85E-4DC2-BEB2-DE8C308B6B7E}.Release|iPhoneSimulator.ActiveCfg = Release|iPhoneSimulator
		{15EBC7D1-C85E-4DC2-BEB2-DE8C308B6B7E}.Release|iPhoneSimulator.Build.0 = Release|iPhoneSimulator
		{15EBC7D1-C85E-4DC2-BEB2-DE8C308B6B7E}.Release|iPhoneSimulator.Deploy.0 = Release|iPhoneSimulator
		{B4A4B249-C444-4C8B-87A0-569E5C62CD8B}.Debug|Any CPU.ActiveCfg = Debug|Any CPU
		{B4A4B249-C444-4C8B-87A0-569E5C62CD8B}.Debug|Any CPU.Build.0 = Debug|Any CPU
		{B4A4B249-C444-4C8B-87A0-569E5C62CD8B}.Debug|Any CPU.Deploy.0 = Debug|Any CPU
		{B4A4B249-C444-4C8B-87A0-569E5C62CD8B}.Debug|iPhone.ActiveCfg = Debug|Any CPU
		{B4A4B249-C444-4C8B-87A0-569E5C62CD8B}.Debug|iPhone.Build.0 = Debug|Any CPU
		{B4A4B249-C444-4C8B-87A0-569E5C62CD8B}.Debug|iPhone.Deploy.0 = Debug|Any CPU
		{B4A4B249-C444-4C8B-87A0-569E5C62CD8B}.Debug|iPhoneSimulator.ActiveCfg = Debug|Any CPU
		{B4A4B249-C444-4C8B-87A0-569E5C62CD8B}.Debug|iPhoneSimulator.Build.0 = Debug|Any CPU
		{B4A4B249-C444-4C8B-87A0-569E5C62CD8B}.Debug|iPhoneSimulator.Deploy.0 = Debug|Any CPU
		{B4A4B249-C444-4C8B-87A0-569E5C62CD8B}.Release|Any CPU.ActiveCfg = Release|Any CPU
		{B4A4B249-C444-4C8B-87A0-569E5C62CD8B}.Release|Any CPU.Build.0 = Release|Any CPU
		{B4A4B249-C444-4C8B-87A0-569E5C62CD8B}.Release|Any CPU.Deploy.0 = Release|Any CPU
		{B4A4B249-C444-4C8B-87A0-569E5C62CD8B}.Release|iPhone.ActiveCfg = Release|Any CPU
		{B4A4B249-C444-4C8B-87A0-569E5C62CD8B}.Release|iPhone.Build.0 = Release|Any CPU
		{B4A4B249-C444-4C8B-87A0-569E5C62CD8B}.Release|iPhone.Deploy.0 = Release|Any CPU
		{B4A4B249-C444-4C8B-87A0-569E5C62CD8B}.Release|iPhoneSimulator.ActiveCfg = Release|Any CPU
		{B4A4B249-C444-4C8B-87A0-569E5C62CD8B}.Release|iPhoneSimulator.Build.0 = Release|Any CPU
		{B4A4B249-C444-4C8B-87A0-569E5C62CD8B}.Release|iPhoneSimulator.Deploy.0 = Release|Any CPU
	EndGlobalSection
	GlobalSection(SolutionProperties) = preSolution
		HideSolutionNode = FALSE
	EndGlobalSection
	GlobalSection(ExtensibilityGlobals) = postSolution
		SolutionGuid = {30CE699F-FE85-4D85-B83E-5D72E0E03653}
	EndGlobalSection
EndGlobal
